<?xml version="1.0" encoding="utf-8"?>
<Project ToolsVersion="4.0" xmlns="http://schemas.microsoft.com/developer/msbuild/2003">
  <ItemGroup>
    <FxCompile Include="Shader\CustomUiShader\ttf_ui_ps.hlsl">
      <Filter>Shader</Filter>
    </FxCompile>
    <FxCompile Include="Shader\lit_ps.hlsl">
      <Filter>Shader</Filter>
    </FxCompile>
    <FxCompile Include="Shader\Common\lighting.hlsl">
      <Filter>Shader\common</Filter>
    </FxCompile>
    <FxCompile Include="Shader\Common\material.hlsl">
      <Filter>Shader\common</Filter>
    </FxCompile>
    <FxCompile Include="Shader\Common\transform.hlsl">
      <Filter>Shader\common</Filter>
    </FxCompile>
    <FxCompile Include="Shader\Common\camera.hlsl">
      <Filter>Shader\common</Filter>
    </FxCompile>
    <FxCompile Include="Shader\lit_vs.hlsl">
      <Filter>Shader</Filter>
    </FxCompile>
    <FxCompile Include="Shader\unlit_vs.hlsl">
      <Filter>Shader</Filter>
    </FxCompile>
    <FxCompile Include="Shader\skinned_lit_vs.hlsl">
      <Filter>Shader</Filter>
    </FxCompile>
    <FxCompile Include="Shader\unlit_ps.hlsl">
      <Filter>Shader</Filter>
    </FxCompile>
    <FxCompile Include="Shader\Common\skinning.hlsl">
      <Filter>Shader\common</Filter>
    </FxCompile>
    <FxCompile Include="Shader\Common\shadowing.hlsl">
      <Filter>Shader\common</Filter>
    </FxCompile>
    <FxCompile Include="Shader\CustomLitShader\decal_lit_ps.hlsl">
      <Filter>Shader</Filter>
    </FxCompile>
    <FxCompile Include="Shader\CustomLitShader\liquid_surface_lit_ps.hlsl">
      <Filter>Shader</Filter>
    </FxCompile>
    <FxCompile Include="Shader\CustomLitShader\decal_lit_ps.hlsl" />
    <FxCompile Include="Shader\PostEffect\brightness_extract_ps.hlsl" />
    <FxCompile Include="Shader\PostEffect\gaussian_blur_ps.hlsl" />
    <FxCompile Include="Shader\CustomLitShader\liquid_surface_lit_ps.hlsl" />
    <FxCompile Include="Shader\ui_ps.hlsl" />
    <FxCompile Include="Shader\ui_vs.hlsl" />
    <FxCompile Include="Shader\sprite_lit_ps.hlsl" />
    <FxCompile Include="Shader\sprite_lit_vs.hlsl" />
    <FxCompile Include="Shader\sprite_unlit_ps.hlsl" />
    <FxCompile Include="Shader\sprite_unlit_vs.hlsl" />
    <FxCompile Include="Shader\particle_ps.hlsl" />
    <FxCompile Include="Shader\particle_vs.hlsl" />
    <FxCompile Include="Shader\CustomUiShader\ttf_ui_ps.hlsl" />
    <FxCompile Include="Shader\CustomLitShader\decal_lit_ps.hlsl" />
    <FxCompile Include="Shader\CustomLitShader\liquid_surface_lit_ps.hlsl" />
    <FxCompile Include="Shader\CustomUiShader\ttf_ui_ps.hlsl" />
    <FxCompile Include="Shader\CustomUnlitShader\hologram_unlit_ps.hlsl" />
    <FxCompile Include="Shader\CustomUnlitShader\afterimage_unlit_ps.hlsl" />
    <FxCompile Include="Shader\CustomLitShader\decal_lit_ps.hlsl" />
    <FxCompile Include="Shader\CustomLitShader\liquid_surface_lit_ps.hlsl" />
    <FxCompile Include="Shader\CustomUiShader\ttf_ui_ps.hlsl" />
    <FxCompile Include="Shader\full_screen_vs.hlsl">
      <Filter>Shader</Filter>
    </FxCompile>
    <FxCompile Include="Shader\CustomLitShader\decal_lit_ps.hlsl" />
    <FxCompile Include="Shader\CustomLitShader\liquid_surface_lit_ps.hlsl" />
    <FxCompile Include="Shader\CustomUiShader\ttf_ui_ps.hlsl" />
    <FxCompile Include="Shader\full_screen_ps.hlsl">
      <Filter>Shader</Filter>
    </FxCompile>
    <FxCompile Include="Shader\PostEffect\bloom_combine_ps.hlsl" />
    <FxCompile Include="Shader\PostEffect\downsample_4tap_ps.hlsl" />
    <FxCompile Include="Shader\PostEffect\tone_mapping_ps.hlsl" />
    <FxCompile Include="Shader\CustomLitShader\decal_lit_ps.hlsl" />
    <FxCompile Include="Shader\CustomLitShader\liquid_surface_lit_ps.hlsl" />
    <FxCompile Include="Shader\CustomUiShader\ttf_ui_ps.hlsl" />
    <FxCompile Include="Shader\CustomLitShader\decal_lit_ps.hlsl" />
    <FxCompile Include="Shader\CustomLitShader\liquid_surface_lit_ps.hlsl" />
    <FxCompile Include="Shader\CustomUiShader\ttf_ui_ps.hlsl" />
    <FxCompile Include="Shader\CustomLitShader\decal_lit_ps.hlsl" />
    <FxCompile Include="Shader\CustomLitShader\liquid_surface_lit_ps.hlsl" />
    <FxCompile Include="Shader\CustomUiShader\ttf_ui_ps.hlsl" />
    <FxCompile Include="Shader\CustomLitShader\decal_lit_ps.hlsl" />
    <FxCompile Include="Shader\CustomLitShader\liquid_surface_lit_ps.hlsl" />
    <FxCompile Include="Shader\CustomUiShader\ttf_ui_ps.hlsl" />
    <FxCompile Include="Shader\CustomLitShader\decal_lit_ps.hlsl" />
    <FxCompile Include="Shader\CustomPostEffect\mono_mask_ps.hlsl" />
    <FxCompile Include="Shader\CustomPostEffect\radial_blur_ps.hlsl" />
    <FxCompile Include="Shader\CustomLitShader\liquid_surface_lit_ps.hlsl" />
    <FxCompile Include="Shader\CustomUiShader\ttf_ui_ps.hlsl" />
    <FxCompile Include="Shader\CustomLitShader\decal_lit_ps.hlsl" />
    <FxCompile Include="Shader\CustomLitShader\liquid_surface_lit_ps.hlsl" />
    <FxCompile Include="Shader\CustomUiShader\ttf_ui_ps.hlsl" />
    <FxCompile Include="Shader\CustomLitShader\decal_lit_ps.hlsl" />
    <FxCompile Include="Shader\CustomLitShader\liquid_surface_lit_ps.hlsl" />
    <FxCompile Include="Shader\CustomUiShader\ttf_ui_ps.hlsl" />
    <FxCompile Include="Shader\CustomLitShader\decal_lit_ps.hlsl" />
    <FxCompile Include="Shader\CustomLitShader\liquid_surface_lit_ps.hlsl" />
    <FxCompile Include="Shader\CustomUiShader\ttf_ui_ps.hlsl" />
  </ItemGroup>
  <ItemGroup>
    <ClCompile Include="Source\Engine\Framework\Processor\camera_processor.cpp">
      <Filter>Sources\Engine\Framework\Processor</Filter>
    </ClCompile>
    <ClCompile Include="Source\Engine\Framework\Processor\physics_processor.cpp">
      <Filter>Sources\Engine\Framework\Processor</Filter>
    </ClCompile>
    <ClCompile Include="Source\Engine\Device\direct3d.cpp">
      <Filter>Sources\Engine\Device</Filter>
    </ClCompile>
    <ClCompile Include="Source\Engine\Device\keyboard.cpp">
      <Filter>Sources\Engine\Device</Filter>
    </ClCompile>
    <ClCompile Include="Source\Engine\Device\audio.cpp">
      <Filter>Sources\Engine\Device</Filter>
    </ClCompile>
    <ClCompile Include="Source\main.cpp">
      <Filter>Sources</Filter>
    </ClCompile>
    <ClCompile Include="Source\Engine\Device\mouse.cpp">
      <Filter>Sources\Engine\Device</Filter>
    </ClCompile>
    <ClCompile Include="Source\Engine\Core\game_object.h">
      <Filter>Sources\Engine\Core</Filter>
    </ClCompile>
    <ClCompile Include="External\stb_implementation.cpp">
      <Filter>External</Filter>
    </ClCompile>
    <ClCompile Include="Source\Engine\Device\mi_fps.cpp">
      <Filter>Sources\Engine\Device</Filter>
    </ClCompile>
    <ClCompile Include="Utility\debug_ostream.cpp">
      <Filter>Utility</Filter>
    </ClCompile>
    <ClCompile Include="Utility\debug_renderer.cpp">
      <Filter>Utility</Filter>
    </ClCompile>
    <ClCompile Include="Source\Game\game.cpp">
      <Filter>Sources\Game</Filter>
    </ClCompile>
    <ClCompile Include="Source\Engine\engine.cpp">
      <Filter>Sources\Engine</Filter>
    </ClCompile>
    <ClCompile Include="Source\Engine\game_world.cpp">
      <Filter>Sources\Engine</Filter>
    </ClCompile>
    <ClCompile Include="Source\Engine\Framework\Processor\behavior_processor.cpp">
      <Filter>Sources\Engine\Framework\Processor</Filter>
    </ClCompile>
    <ClCompile Include="Source\Engine\Framework\Processor\PhysicsPass\collision_pass.cpp">
      <Filter>Sources\Engine\Framework\Processor\Pass\PhysicsPass</Filter>
    </ClCompile>
    <ClCompile Include="Source\Engine\Framework\Processor\PhysicsPass\integrate_pass.cpp">
      <Filter>Sources\Engine\Framework\Processor\Pass\PhysicsPass</Filter>
    </ClCompile>
    <ClCompile Include="Source\Engine\Framework\Processor\PhysicsPass\resolve_pass.cpp">
      <Filter>Sources\Engine\Framework\Processor\Pass\PhysicsPass</Filter>
    </ClCompile>
    <ClCompile Include="Source\Engine\Framework\Processor\render_processor.cpp">
      <Filter>Sources\Engine\Framework\Processor</Filter>
    </ClCompile>
    <ClCompile Include="Source\Engine\Framework\Processor\RenderPass\ui_render_pass.cpp">
      <Filter>Sources\Engine\Framework\Processor\Pass\RenderPass</Filter>
    </ClCompile>
    <ClCompile Include="Source\Engine\Framework\Processor\RenderPass\opaque_render_pass.cpp">
      <Filter>Sources\Engine\Framework\Processor\Pass\RenderPass</Filter>
    </ClCompile>
    <ClCompile Include="Source\Engine\Framework\Processor\RenderPass\post_effect_pass.cpp">
      <Filter>Sources\Engine\Framework\Processor\Pass\RenderPass</Filter>
    </ClCompile>
    <ClCompile Include="Source\Engine\Framework\Processor\RenderPass\transparent_render_pass.cpp">
      <Filter>Sources\Engine\Framework\Processor\Pass\RenderPass</Filter>
    </ClCompile>
    <ClCompile Include="Source\Engine\Framework\Processor\RenderPass\PostEffect\custom_post_effect.cpp">
      <Filter>Sources\Engine\Framework\Processor\Pass\RenderPass</Filter>
    </ClCompile>
    <ClCompile Include="Source\Engine\Framework\Processor\RenderPass\lighting_pass.cpp">
      <Filter>Sources\Engine\Framework\Processor\Pass\RenderPass</Filter>
    </ClCompile>
    <ClCompile Include="External\ImGui\imgui_tables.cpp">
      <Filter>External\imgui</Filter>
    </ClCompile>
    <ClCompile Include="External\ImGui\imgui_widgets.cpp">
      <Filter>External\imgui</Filter>
    </ClCompile>
    <ClCompile Include="External\ImGui\imgui.cpp">
      <Filter>External\imgui</Filter>
    </ClCompile>
    <ClCompile Include="External\ImGui\imgui_demo.cpp">
      <Filter>External\imgui</Filter>
    </ClCompile>
    <ClCompile Include="External\ImGui\imgui_draw.cpp">
      <Filter>External\imgui</Filter>
    </ClCompile>
    <ClCompile Include="External\ImGui\imgui_impl_dx11.cpp">
      <Filter>External\imgui</Filter>
    </ClCompile>
    <ClCompile Include="External\ImGui\imgui_impl_win32.cpp">
      <Filter>External\imgui</Filter>
    </ClCompile>
    <ClCompile Include="Source\Engine\Editor\mi_imgui_manager.cpp">
      <Filter>Utility\ImguiWindow</Filter>
    </ClCompile>
    <ClCompile Include="Source\Engine\Graphics\model_repository.cpp">
      <Filter>Sources\Engine\Graphics</Filter>
    </ClCompile>
    <ClCompile Include="Source\Game\Behavior\PlayerBehavior\player_behavior.cpp">
      <Filter>Sources\Game\Behavior\PlayerBehavior</Filter>
    </ClCompile>
    <ClCompile Include="Source\Engine\Framework\Processor\PhysicsPass\constraint_pass.cpp">
      <Filter>Sources\Engine\Framework\Processor\Pass\PhysicsPass</Filter>
    </ClCompile>
    <ClCompile Include="Source\Game\Behavior\BaseBehavior\health_behavior.cpp">
      <Filter>Sources\Game\Behavior\BaseBehavior</Filter>
    </ClCompile>
    <ClCompile Include="Source\Game\Behavior\BulletBehavior\bullet_behavior.cpp">
      <Filter>Sources\Game\Behavior\BaseBehavior</Filter>
    </ClCompile>
    <ClCompile Include="Source\Game\Behavior\BulletBehavior\bezier_line_preview_behavior.cpp">
      <Filter>Sources\Game\Behavior\BaseBehavior</Filter>
    </ClCompile>
    <ClCompile Include="Source\Game\Behavior\BulletBehavior\missile_behavior.cpp">
      <Filter>Sources\Game\Behavior\BaseBehavior</Filter>
    </ClCompile>
    <ClCompile Include="Source\Game\Behavior\BaseBehavior\afterimage_behavior.cpp">
      <Filter>Sources\Game\Behavior\BaseBehavior</Filter>
    </ClCompile>
    <ClCompile Include="Source\Game\Behavior\BaseBehavior\afterimage_generator_behavior.cpp">
      <Filter>Sources\Game\Behavior\BaseBehavior</Filter>
    </ClCompile>
    <ClCompile Include="Source\Game\Behavior\BaseBehavior\blinker_behavior.cpp">
      <Filter>Sources\Game\Behavior\BaseBehavior</Filter>
    </ClCompile>
    <ClCompile Include="Source\Game\Behavior\EnemyBehavior\base_enemy_attack_behavior.cpp">
      <Filter>Sources\Game\Behavior\EnemyBehavior</Filter>
    </ClCompile>
    <ClCompile Include="Source\Game\Behavior\EnemyBehavior\enemy_behavior.cpp">
      <Filter>Sources\Game\Behavior\EnemyBehavior</Filter>
    </ClCompile>
    <ClCompile Include="Source\Game\Behavior\EnemyBehavior\enemy_state_machine_behavior.cpp">
      <Filter>Sources\Game\Behavior\EnemyBehavior</Filter>
    </ClCompile>
    <ClCompile Include="Source\Game\Behavior\BaseBehavior\hit_stop_behavior.cpp">
      <Filter>Sources\Game\Behavior\BaseBehavior</Filter>
    </ClCompile>
    <ClCompile Include="Source\Game\Behavior\BaseBehavior\shake_object_behavior.cpp">
      <Filter>Sources\Game\Behavior\BaseBehavior</Filter>
    </ClCompile>
    <ClCompile Include="Source\Engine\Graphics\texture_repository.cpp">
      <Filter>Sources\Engine\Graphics</Filter>
    </ClCompile>
    <ClCompile Include="Source\Engine\Graphics\material_repository.cpp">
      <Filter>Sources\Engine\Graphics</Filter>
    </ClCompile>
    <ClCompile Include="Source\Engine\Framework\Processor\animation_processor.cpp">
      <Filter>Sources\Engine\Framework\Processor</Filter>
    </ClCompile>
    <ClCompile Include="Source\Engine\Framework\Processor\RenderPass\decal_render_pass.cpp">
      <Filter>Sources\Engine\Framework\Processor\Pass\RenderPass</Filter>
    </ClCompile>
    <ClCompile Include="Source\Game\Factory\factory.cpp">
      <Filter>Sources\Game\Factory</Filter>
    </ClCompile>
    <ClCompile Include="Source\Game\Factory\actor_factory.cpp">
      <Filter>Sources\Game\Factory</Filter>
    </ClCompile>
    <ClCompile Include="Source\Game\Factory\environment_factory.cpp">
      <Filter>Sources\Game\Factory</Filter>
    </ClCompile>
    <ClCompile Include="Source\Game\Factory\ui_factory.cpp">
      <Filter>Sources\Game\Factory</Filter>
    </ClCompile>
    <ClCompile Include="Source\Game\Factory\render_effect_factory.cpp">
      <Filter>Sources\Game\Factory</Filter>
    </ClCompile>
    <ClCompile Include="Source\Game\Factory\projectile_factory.cpp">
      <Filter>Sources\Game\Factory</Filter>
    </ClCompile>
    <ClCompile Include="Source\Game\Behavior\PlayerBehavior\player_state_machine_behavior.cpp">
      <Filter>Sources\Game\Behavior\PlayerBehavior</Filter>
    </ClCompile>
    <ClCompile Include="Source\Game\Behavior\PlayerBehavior\PlayerState\player_attack_behavior.cpp">
      <Filter>Sources\Game\Behavior\PlayerBehavior\PlayerState</Filter>
    </ClCompile>
    <ClCompile Include="Source\Game\Behavior\PlayerBehavior\PlayerState\player_move_behavior.cpp">
      <Filter>Sources\Game\Behavior\PlayerBehavior\PlayerState</Filter>
    </ClCompile>
    <ClCompile Include="Source\Game\Behavior\PlayerBehavior\player_combat_machine_behavior.cpp">
      <Filter>Sources\Game\Behavior\PlayerBehavior</Filter>
    </ClCompile>
    <ClCompile Include="Source\Game\Behavior\camera_control_behavior.cpp">
      <Filter>Sources\Game\Behavior</Filter>
    </ClCompile>
    <ClCompile Include="Source\Game\Behavior\transform_constraint_behavior.cpp">
      <Filter>Sources\Game\Behavior</Filter>
    </ClCompile>
    <ClCompile Include="Source\Engine\Framework\Processor\RenderPass\shadow_map_pass.cpp">
      <Filter>Sources\Engine\Framework\Processor\Pass\RenderPass</Filter>
    </ClCompile>
    <ClCompile Include="Source\Engine\Framework\Processor\RenderPass\skybox_pass.cpp">
      <Filter>Sources\Engine\Framework\Processor\Pass\RenderPass</Filter>
    </ClCompile>
    <ClCompile Include="Source\Engine\Framework\Processor\RenderPass\mask_render_pass.cpp">
      <Filter>Sources\Engine\Framework\Processor\Pass\RenderPass</Filter>
    </ClCompile>
    <ClCompile Include="Source\Game\Behavior\PlayerBehavior\PlayerState\player_dodge_behavior.cpp" />
    <ClCompile Include="Source\Engine\Framework\Component\collider_component.cpp">
      <Filter>Sources\Engine\Framework\Component</Filter>
    </ClCompile>
    <ClCompile Include="Source\Game\ControllerBehavior\custom_post_effect_controller.cpp" />
    <ClCompile Include="Source\Game\ControllerBehavior\game_effect_controller.cpp" />
    <ClCompile Include="Source\Engine\Editor\editor_manager.cpp" />
    <ClCompile Include="Source\Engine\Framework\Processor\PhysicsPass\Collision\collision_query.cpp" />
    <ClCompile Include="Source\Engine\Framework\Processor\PhysicsPass\Collision\collision_utility.cpp" />
    <ClCompile Include="Source\Engine\Framework\Processor\RenderPass\PostEffect\post_process.cpp" />
    <ClCompile Include="Source\Engine\Framework\Processor\RenderPass\RenderUtility\model_render_utility.cpp">
      <Filter>Sources\Engine\Framework\Processor\Pass\RenderPass\RenderUtility</Filter>
    </ClCompile>
    <ClCompile Include="Source\Engine\Framework\Processor\RenderPass\RenderUtility\line_render_utility.cpp">
      <Filter>Sources\Engine\Framework\Processor\Pass\RenderPass\RenderUtility</Filter>
    </ClCompile>
    <ClCompile Include="Source\Engine\Framework\Processor\RenderPass\RenderUtility\particle_render_utility.cpp">
      <Filter>Sources\Engine\Framework\Processor\Pass\RenderPass\RenderUtility</Filter>
    </ClCompile>
    <ClCompile Include="Source\Engine\Framework\Processor\RenderPass\RenderUtility\sprite_render_utility.cpp">
      <Filter>Sources\Engine\Framework\Processor\Pass\RenderPass\RenderUtility</Filter>
    </ClCompile>
    <ClCompile Include="Source\Engine\Editor\EditorWindow\debug_view_window.cpp" />
    <ClCompile Include="Source\Engine\Editor\EditorWindow\hierarchy_view_window.cpp" />
    <ClCompile Include="Source\Engine\Editor\EditorWindow\inspector_view_window.cpp" />
    <ClCompile Include="Source\Engine\Framework\Processor\RenderPass\UiRender\collector_font.cpp" />
    <ClCompile Include="Source\Engine\Framework\Processor\RenderPass\UiRender\collector_image.cpp" />
    <ClCompile Include="Source\Engine\Framework\Processor\RenderPass\UiRender\collector_slider.cpp" />
    <ClCompile Include="Source\Engine\Manager\resource_manager.cpp" />
    <ClCompile Include="Source\Engine\Manager\scene_manager.cpp" />
    <ClCompile Include="Source\Engine\Editor\EditorWindow\scene_view_window.cpp" />
    <ClCompile Include="Source\Engine\Manager\shader_manager.cpp" />
    <ClCompile Include="Source\Engine\Editor\EditorWindow\tool_bar_window.cpp" />
    <ClCompile Include="Source\Engine\Editor\EditorWindow\settings_view_window.cpp" />
    <ClCompile Include="Source\Engine\Editor\EditorWindow\game_view_window.cpp" />
    <ClCompile Include="Source\Engine\Editor\EditorWindow\canvas_view_window.cpp" />
    <ClCompile Include="Source\Engine\Graphics\shader_repository.cpp" />
    <ClCompile Include="Source\Engine\Framework\Processor\sprite_animation_processor.cpp" />
    <ClCompile Include="Source\Engine\Framework\Processor\particle_system_processor.cpp" />
    <ClCompile Include="Source\Game\Factory\prefab_factory.cpp" />
  </ItemGroup>
  <ItemGroup>
    <ClInclude Include="Source\Engine\Framework\Component\image_component.h">
      <Filter>Sources\Engine\Framework\Component</Filter>
    </ClInclude>
    <ClInclude Include="Source\Engine\Framework\Component\light_component.h">
      <Filter>Sources\Engine\Framework\Component</Filter>
    </ClInclude>
    <ClInclude Include="Source\Engine\Framework\Component\model_component.h">
      <Filter>Sources\Engine\Framework\Component</Filter>
    </ClInclude>
    <ClInclude Include="Source\Engine\Framework\Component\line_renderer_component.h">
      <Filter>Sources\Engine\Framework\Component</Filter>
    </ClInclude>
    <ClInclude Include="Source\Engine\Framework\Component\particle_system_component.h">
      <Filter>Sources\Engine\Framework\Component</Filter>
    </ClInclude>
    <ClInclude Include="Source\Engine\Framework\Component\rect_transform_component.h">
      <Filter>Sources\Engine\Framework\Component</Filter>
    </ClInclude>
    <ClInclude Include="Source\Engine\Framework\Component\rigidbody_component.h">
      <Filter>Sources\Engine\Framework\Component</Filter>
    </ClInclude>
    <ClInclude Include="Source\Engine\Framework\Component\slider_component.h">
      <Filter>Sources\Engine\Framework\Component</Filter>
    </ClInclude>
    <ClInclude Include="Source\Engine\Framework\Component\text_component.h">
      <Filter>Sources\Engine\Framework\Component</Filter>
    </ClInclude>
    <ClInclude Include="Source\Engine\Framework\Component\transform_component.h">
      <Filter>Sources\Engine\Framework\Component</Filter>
    </ClInclude>
    <ClInclude Include="Source\Engine\Framework\Component\collider_component.h">
      <Filter>Sources\Engine\Framework\Component</Filter>
    </ClInclude>
    <ClInclude Include="Source\Engine\Framework\Component\camera_component.h">
      <Filter>Sources\Engine\Framework\Component</Filter>
    </ClInclude>
    <ClInclude Include="Source\Engine\Framework\Processor\RenderPass\mask_render_pass.h">
      <Filter>Sources\Engine\Framework\Processor\Pass\RenderPass</Filter>
    </ClInclude>
    <ClInclude Include="Source\Engine\Framework\Processor\camera_processor.h">
      <Filter>Sources\Engine\Framework\Processor</Filter>
    </ClInclude>
    <ClInclude Include="Source\Engine\Framework\Processor\physics_processor.h">
      <Filter>Sources\Engine\Framework\Processor</Filter>
    </ClInclude>
    <ClInclude Include="Source\Engine\Core\component_pool_interface.h">
      <Filter>Sources\Engine\Core</Filter>
    </ClInclude>
    <ClInclude Include="Source\Engine\Core\component.h">
      <Filter>Sources\Engine\Core</Filter>
    </ClInclude>
    <ClInclude Include="Source\Engine\Core\component_pool.h">
      <Filter>Sources\Engine\Core</Filter>
    </ClInclude>
    <ClInclude Include="Source\Engine\Core\game_object_layer.h">
      <Filter>Sources\Engine\Core</Filter>
    </ClInclude>
    <ClInclude Include="Source\Engine\Device\direct3d.h">
      <Filter>Sources\Engine\Device</Filter>
    </ClInclude>
    <ClInclude Include="Source\Engine\Device\keyboard.h">
      <Filter>Sources\Engine\Device</Filter>
    </ClInclude>
    <ClInclude Include="Source\Engine\Device\audio.h">
      <Filter>Sources\Engine\Device</Filter>
    </ClInclude>
    <ClInclude Include="Source\Engine\Core\component_type_id.h">
      <Filter>Sources\Engine\Core</Filter>
    </ClInclude>
    <ClInclude Include="Source\Engine\Device\mouse.h">
      <Filter>Sources\Engine\Device</Filter>
    </ClInclude>
    <ClInclude Include="External\stb_truetype.h">
      <Filter>External</Filter>
    </ClInclude>
    <ClInclude Include="Source\Engine\Core\processor.h">
      <Filter>Sources\Engine\Core</Filter>
    </ClInclude>
    <ClInclude Include="Source\Engine\Core\scene_interface.h">
      <Filter>Sources\Engine\Core</Filter>
    </ClInclude>
    <ClInclude Include="Source\Engine\Core\scene_base.h">
      <Filter>Sources\Engine\Core</Filter>
    </ClInclude>
    <ClInclude Include="Source\Engine\Device\mi_fps.h">
      <Filter>Sources\Engine\Device</Filter>
    </ClInclude>
    <ClInclude Include="Utility\debug_ostream.h">
      <Filter>Utility</Filter>
    </ClInclude>
    <ClInclude Include="Utility\debug_renderer.h">
      <Filter>Utility</Filter>
    </ClInclude>
    <ClInclude Include="Utility\mi_math.h">
      <Filter>Utility</Filter>
    </ClInclude>
    <ClInclude Include="Source\Game\game.h">
      <Filter>Sources\Game</Filter>
    </ClInclude>
    <ClInclude Include="Source\Engine\Framework\Component\behavior_component.h">
      <Filter>Sources\Engine\Framework\Component</Filter>
    </ClInclude>
    <ClInclude Include="Source\Engine\engine.h">
      <Filter>Sources\Engine</Filter>
    </ClInclude>
    <ClInclude Include="Source\Engine\game_world.h">
      <Filter>Sources\Engine</Filter>
    </ClInclude>
    <ClInclude Include="Source\Engine\Framework\Processor\behavior_processor.h">
      <Filter>Sources\Engine\Framework\Processor</Filter>
    </ClInclude>
    <ClInclude Include="Source\Engine\Core\pass.h">
      <Filter>Sources\Engine\Core</Filter>
    </ClInclude>
    <ClInclude Include="Source\Engine\Framework\Processor\PhysicsPass\resolve_pass.h">
      <Filter>Sources\Engine\Framework\Processor\Pass\PhysicsPass</Filter>
    </ClInclude>
    <ClInclude Include="Source\Engine\Framework\Processor\PhysicsPass\collision_pass.h">
      <Filter>Sources\Engine\Framework\Processor\Pass\PhysicsPass</Filter>
    </ClInclude>
    <ClInclude Include="Source\Engine\Framework\Processor\PhysicsPass\integrate_pass.h">
      <Filter>Sources\Engine\Framework\Processor\Pass\PhysicsPass</Filter>
    </ClInclude>
    <ClInclude Include="Source\Engine\Framework\Processor\render_processor.h">
      <Filter>Sources\Engine\Framework\Processor</Filter>
    </ClInclude>
    <ClInclude Include="Source\Engine\Framework\Processor\RenderPass\ui_render_pass.h">
      <Filter>Sources\Engine\Framework\Processor\Pass\RenderPass</Filter>
    </ClInclude>
    <ClInclude Include="Source\Engine\Framework\Processor\RenderPass\opaque_render_pass.h">
      <Filter>Sources\Engine\Framework\Processor\Pass\RenderPass</Filter>
    </ClInclude>
    <ClInclude Include="Source\Engine\Framework\Processor\RenderPass\post_effect_pass.h">
      <Filter>Sources\Engine\Framework\Processor\Pass\RenderPass</Filter>
    </ClInclude>
    <ClInclude Include="Source\Engine\Framework\Processor\RenderPass\transparent_render_pass.h">
      <Filter>Sources\Engine\Framework\Processor\Pass\RenderPass</Filter>
    </ClInclude>
    <ClInclude Include="Source\Engine\Framework\Processor\RenderPass\PostEffect\custom_post_effect.h">
      <Filter>Sources\Engine\Framework\Processor\Pass\RenderPass</Filter>
    </ClInclude>
    <ClInclude Include="Source\Engine\Framework\Processor\RenderPass\lighting_pass.h">
      <Filter>Sources\Engine\Framework\Processor\Pass\RenderPass</Filter>
    </ClInclude>
    <ClInclude Include="Source\Engine\render_view.h">
      <Filter>Sources\Engine\Framework\Processor\Pass\RenderPass\Context</Filter>
    </ClInclude>
    <ClInclude Include="External\ImGui\imgui_internal.h">
      <Filter>External\imgui</Filter>
    </ClInclude>
    <ClInclude Include="External\ImGui\imstb_rectpack.h">
      <Filter>External\imgui</Filter>
    </ClInclude>
    <ClInclude Include="External\ImGui\imstb_textedit.h">
      <Filter>External\imgui</Filter>
    </ClInclude>
    <ClInclude Include="External\ImGui\imstb_truetype.h">
      <Filter>External\imgui</Filter>
    </ClInclude>
    <ClInclude Include="External\ImGui\imconfig.h">
      <Filter>External\imgui</Filter>
    </ClInclude>
    <ClInclude Include="External\ImGui\imgui.h">
      <Filter>External\imgui</Filter>
    </ClInclude>
    <ClInclude Include="External\ImGui\imgui_impl_dx11.h">
      <Filter>External\imgui</Filter>
    </ClInclude>
    <ClInclude Include="External\ImGui\imgui_impl_win32.h">
      <Filter>External\imgui</Filter>
    </ClInclude>
    <ClInclude Include="Source\Engine\Editor\mi_imgui_manager.h">
      <Filter>Utility\ImguiWindow</Filter>
    </ClInclude>
    <ClInclude Include="Source\Engine\Editor\editor_context.h">
      <Filter>Sources\Engine</Filter>
    </ClInclude>
    <ClInclude Include="Source\Engine\Graphics\model_repository.h">
      <Filter>Sources\Engine\Graphics</Filter>
    </ClInclude>
    <ClInclude Include="Source\Game\Behavior\PlayerBehavior\player_behavior.h">
      <Filter>Sources\Game\Behavior\PlayerBehavior</Filter>
    </ClInclude>
    <ClInclude Include="Source\Engine\Framework\Processor\PhysicsPass\constraint_pass.h">
      <Filter>Sources\Engine\Framework\Processor\Pass\PhysicsPass</Filter>
    </ClInclude>
    <ClInclude Include="Source\Engine\Framework\Component\joint_component.h">
      <Filter>Sources\Engine\Framework\Component</Filter>
    </ClInclude>
    <ClInclude Include="Source\Engine\Framework\Component\joint_group_component.h">
      <Filter>Sources\Engine\Framework\Component</Filter>
    </ClInclude>
    <ClInclude Include="Source\Game\Behavior\BaseBehavior\health_behavior.h">
      <Filter>Sources\Game\Behavior\BaseBehavior</Filter>
    </ClInclude>
    <ClInclude Include="Source\Game\Behavior\BulletBehavior\bullet_behavior.h">
      <Filter>Sources\Game\Behavior\BaseBehavior</Filter>
    </ClInclude>
    <ClInclude Include="Source\Game\Behavior\BulletBehavior\bezier_line_preview_behavior.h">
      <Filter>Sources\Game\Behavior\BaseBehavior</Filter>
    </ClInclude>
    <ClInclude Include="Source\Game\Behavior\BulletBehavior\missile_behavior.h">
      <Filter>Sources\Game\Behavior\BaseBehavior</Filter>
    </ClInclude>
    <ClInclude Include="Source\Game\Behavior\BaseBehavior\afterimage_behavior.h">
      <Filter>Sources\Game\Behavior\BaseBehavior</Filter>
    </ClInclude>
    <ClInclude Include="Source\Game\Behavior\BaseBehavior\afterimage_generator_behavior.h">
      <Filter>Sources\Game\Behavior\BaseBehavior</Filter>
    </ClInclude>
    <ClInclude Include="Source\Game\Behavior\BaseBehavior\blinker_behavior.h">
      <Filter>Sources\Game\Behavior\BaseBehavior</Filter>
    </ClInclude>
    <ClInclude Include="Source\Game\Behavior\EnemyBehavior\base_enemy_attack_behavior.h">
      <Filter>Sources\Game\Behavior\EnemyBehavior</Filter>
    </ClInclude>
    <ClInclude Include="Source\Game\Behavior\EnemyBehavior\enemy_behavior.h">
      <Filter>Sources\Game\Behavior\EnemyBehavior</Filter>
    </ClInclude>
    <ClInclude Include="Source\Game\Behavior\EnemyBehavior\enemy_context.h">
      <Filter>Sources\Game\Behavior\EnemyBehavior</Filter>
    </ClInclude>
    <ClInclude Include="Source\Game\Behavior\EnemyBehavior\enemy_state_machine_behavior.h">
      <Filter>Sources\Game\Behavior\EnemyBehavior</Filter>
    </ClInclude>
    <ClInclude Include="Source\Game\Behavior\BaseBehavior\hit_stop_behavior.h">
      <Filter>Sources\Game\Behavior\BaseBehavior</Filter>
    </ClInclude>
    <ClInclude Include="Source\Game\Behavior\BaseBehavior\shake_object_behavior.h">
      <Filter>Sources\Game\Behavior\BaseBehavior</Filter>
    </ClInclude>
    <ClInclude Include="Source\Engine\Graphics\model_resource.h">
      <Filter>Sources\Engine\Graphics\GraphicsResource</Filter>
    </ClInclude>
    <ClInclude Include="Source\Engine\Graphics\texture_resource.h">
      <Filter>Sources\Engine\Graphics\GraphicsResource</Filter>
    </ClInclude>
    <ClInclude Include="Source\Engine\Graphics\material_resource.h">
      <Filter>Sources\Engine\Graphics\GraphicsResource</Filter>
    </ClInclude>
    <ClInclude Include="Source\Engine\engine_service_locator.h">
      <Filter>Sources\Engine</Filter>
    </ClInclude>
    <ClInclude Include="Source\Engine\Graphics\texture_repository.h">
      <Filter>Sources\Engine\Graphics</Filter>
    </ClInclude>
    <ClInclude Include="Source\Engine\Graphics\material_repository.h">
      <Filter>Sources\Engine\Graphics</Filter>
    </ClInclude>
    <ClInclude Include="Utility\mi_string.h">
      <Filter>Utility</Filter>
    </ClInclude>
    <ClInclude Include="Source\Engine\Framework\Processor\animation_processor.h">
      <Filter>Sources\Engine\Framework\Processor</Filter>
    </ClInclude>
    <ClInclude Include="Source\Engine\Framework\Component\animation_component.h">
      <Filter>Sources\Engine\Framework\Component</Filter>
    </ClInclude>
    <ClInclude Include="Source\Engine\Framework\Component\decal_component.h">
      <Filter>Sources\Engine\Framework\Component</Filter>
    </ClInclude>
    <ClInclude Include="Source\Engine\Framework\Processor\RenderPass\decal_render_pass.h">
      <Filter>Sources\Engine\Framework\Processor\Pass\RenderPass</Filter>
    </ClInclude>
    <ClInclude Include="Source\Game\Factory\factory.h">
      <Filter>Sources\Game\Factory</Filter>
    </ClInclude>
    <ClInclude Include="Source\Game\Factory\environment_factory.h">
      <Filter>Sources\Game\Factory</Filter>
    </ClInclude>
    <ClInclude Include="Source\Game\Factory\render_effect_factory.h">
      <Filter>Sources\Game\Factory</Filter>
    </ClInclude>
    <ClInclude Include="Source\Game\Factory\projectile_factory.h">
      <Filter>Sources\Game\Factory</Filter>
    </ClInclude>
    <ClInclude Include="Source\Game\Behavior\PlayerBehavior\PlayerState\player_attack_behavior.h">
      <Filter>Sources\Game\Behavior\PlayerBehavior\PlayerState</Filter>
    </ClInclude>
    <ClInclude Include="Source\Game\Behavior\PlayerBehavior\PlayerState\player_move_behavior.h">
      <Filter>Sources\Game\Behavior\PlayerBehavior\PlayerState</Filter>
    </ClInclude>
    <ClInclude Include="Source\Game\Behavior\PlayerBehavior\player_state_machine_behavior.h">
      <Filter>Sources\Game\Behavior\PlayerBehavior</Filter>
    </ClInclude>
    <ClInclude Include="Source\Game\Behavior\PlayerBehavior\player_combat_machine_behavior.h">
      <Filter>Sources\Game\Behavior\PlayerBehavior</Filter>
    </ClInclude>
    <ClInclude Include="Source\Game\Behavior\camera_control_behavior.h">
      <Filter>Sources\Game\Behavior</Filter>
    </ClInclude>
    <ClInclude Include="Source\Game\Behavior\transform_constraint_behavior.h">
      <Filter>Sources\Game\Behavior</Filter>
    </ClInclude>
    <ClInclude Include="Source\Engine\Framework\Processor\RenderPass\shadow_map_pass.h">
      <Filter>Sources\Engine\Framework\Processor\Pass\RenderPass</Filter>
    </ClInclude>
    <ClInclude Include="Source\Engine\Framework\Processor\RenderPass\skybox_pass.h">
      <Filter>Sources\Engine\Framework\Processor\Pass\RenderPass</Filter>
    </ClInclude>
    <ClInclude Include="Source\Game\Behavior\PlayerBehavior\player_context.h">
      <Filter>Sources\Game\Behavior\PlayerBehavior</Filter>
    </ClInclude>
    <ClInclude Include="Source\Game\Factory\actor_factory.h">
      <Filter>Sources\Game\Factory</Filter>
    </ClInclude>
    <ClInclude Include="Source\Game\Behavior\PlayerBehavior\PlayerState\player_dodge_behavior.h" />
    <ClInclude Include="Source\Game\ControllerBehavior\custom_post_effect_controller.h" />
    <ClInclude Include="Source\Game\ControllerBehavior\game_effect_controller.h" />
    <ClInclude Include="Source\Game\ControllerBehavior\game_controller_locator.h" />
    <ClInclude Include="Source\Engine\Editor\editor_manager.h" />
    <ClInclude Include="Source\Engine\Framework\Processor\PhysicsPass\Collision\collision_query.h" />
    <ClInclude Include="Source\Engine\Framework\Processor\PhysicsPass\Collision\collision_utility.h" />
    <ClInclude Include="Source\Engine\Framework\Processor\RenderPass\PostEffect\post_process.h" />
    <ClInclude Include="Source\Engine\Framework\Processor\RenderPass\RenderUtility\model_render_utility.h">
      <Filter>Sources\Engine\Framework\Processor\Pass\RenderPass\RenderUtility</Filter>
    </ClInclude>
    <ClInclude Include="Source\Engine\Framework\Processor\RenderPass\RenderUtility\line_render_utility.h">
      <Filter>Sources\Engine\Framework\Processor\Pass\RenderPass\RenderUtility</Filter>
    </ClInclude>
    <ClInclude Include="Source\Engine\Framework\Processor\RenderPass\RenderUtility\particle_render_utility.h">
      <Filter>Sources\Engine\Framework\Processor\Pass\RenderPass\RenderUtility</Filter>
    </ClInclude>
    <ClInclude Include="Source\Engine\Framework\Processor\RenderPass\RenderUtility\sprite_render_utility.h">
      <Filter>Sources\Engine\Framework\Processor\Pass\RenderPass\RenderUtility</Filter>
    </ClInclude>
    <ClInclude Include="Source\Engine\Settings\lighting_settings.h" />
    <ClInclude Include="Source\Engine\Settings\post_process_settings.h" />
    <ClInclude Include="Source\Engine\Settings\scene_settings.h" />
    <ClInclude Include="Source\Engine\Editor\EditorWindow\debug_view_window.h" />
    <ClInclude Include="Source\Engine\Framework\Processor\RenderPass\UiRender\draw_command.h" />
    <ClInclude Include="Source\Engine\Editor\EditorWindow\hierarchy_view_window.h" />
    <ClInclude Include="Source\Engine\Editor\EditorWindow\inspector_view_window.h" />
    <ClInclude Include="Source\Engine\Editor\EditorWindow\imgui_window_interface.h" />
    <ClInclude Include="Source\Engine\Framework\Processor\RenderPass\UiRender\collector_font.h" />
    <ClInclude Include="Source\Engine\Framework\Processor\RenderPass\UiRender\collector_image.h" />
    <ClInclude Include="Source\Engine\Framework\Processor\RenderPass\UiRender\collector_slider.h" />
    <ClInclude Include="Source\Engine\Manager\resource_manager.h" />
    <ClInclude Include="Source\Engine\Manager\scene_manager.h" />
    <ClInclude Include="Source\Engine\Editor\EditorWindow\scene_view_window.h" />
    <ClInclude Include="Source\Engine\Manager\shader_manager.h" />
    <ClInclude Include="Source\Engine\Editor\EditorWindow\tool_bar_window.h" />
    <ClInclude Include="Source\Engine\Editor\EditorWindow\settings_view_window.h" />
    <ClInclude Include="Source\Engine\Settings\scene_camera_settings.h" />
    <ClInclude Include="Source\Engine\Editor\EditorWindow\game_view_window.h" />
    <ClInclude Include="Source\Engine\Editor\EditorWindow\canvas_view_window.h" />
    <ClInclude Include="Source\Engine\Graphics\shader_definitions.h" />
    <ClInclude Include="Source\Engine\Graphics\shader_repository.h" />
    <ClInclude Include="Source\Engine\Graphics\shader_resource.h" />
    <ClInclude Include="Source\Engine\Core\GamePlay\sequence_task.h" />
    <ClInclude Include="Source\Engine\Framework\Component\sprite_renderer_component.h" />
    <ClInclude Include="Source\Engine\Framework\Component\sprite_animation_component.h" />
    <ClInclude Include="Source\Engine\Framework\Processor\sprite_animation_processor.h" />
    <ClInclude Include="Source\Engine\Framework\Processor\particle_system_processor.h" />
    <ClInclude Include="Source\Engine\Core\GamePlay\tween_task.h" />
    <ClInclude Include="Utility\mi_signal.h" />
    <ClInclude Include="Source\Game\Factory\prefab_factory.h" />
    <ClInclude Include="External\nlohmann\adl_serializer.hpp" />
    <ClInclude Include="External\nlohmann\byte_container_with_subtype.hpp" />
    <ClInclude Include="External\nlohmann\detail\abi_macros.hpp" />
    <ClInclude Include="External\nlohmann\detail\conversions\from_json.hpp" />
    <ClInclude Include="External\nlohmann\detail\conversions\to_chars.hpp" />
    <ClInclude Include="External\nlohmann\detail\conversions\to_json.hpp" />
    <ClInclude Include="External\nlohmann\detail\exceptions.hpp" />
    <ClInclude Include="External\nlohmann\detail\hash.hpp" />
    <ClInclude Include="External\nlohmann\detail\input\binary_reader.hpp" />
    <ClInclude Include="External\nlohmann\detail\input\input_adapters.hpp" />
    <ClInclude Include="External\nlohmann\detail\input\json_sax.hpp" />
    <ClInclude Include="External\nlohmann\detail\input\lexer.hpp" />
    <ClInclude Include="External\nlohmann\detail\input\parser.hpp" />
    <ClInclude Include="External\nlohmann\detail\input\position_t.hpp" />
    <ClInclude Include="External\nlohmann\detail\iterators\internal_iterator.hpp" />
    <ClInclude Include="External\nlohmann\detail\iterators\iteration_proxy.hpp" />
    <ClInclude Include="External\nlohmann\detail\iterators\iterator_traits.hpp" />
    <ClInclude Include="External\nlohmann\detail\iterators\iter_impl.hpp" />
    <ClInclude Include="External\nlohmann\detail\iterators\json_reverse_iterator.hpp" />
    <ClInclude Include="External\nlohmann\detail\iterators\primitive_iterator.hpp" />
    <ClInclude Include="External\nlohmann\detail\json_custom_base_class.hpp" />
    <ClInclude Include="External\nlohmann\detail\json_pointer.hpp" />
    <ClInclude Include="External\nlohmann\detail\json_ref.hpp" />
    <ClInclude Include="External\nlohmann\detail\macro_scope.hpp" />
    <ClInclude Include="External\nlohmann\detail\macro_unscope.hpp" />
    <ClInclude Include="External\nlohmann\detail\meta\call_std\begin.hpp" />
    <ClInclude Include="External\nlohmann\detail\meta\call_std\end.hpp" />
    <ClInclude Include="External\nlohmann\detail\meta\cpp_future.hpp" />
    <ClInclude Include="External\nlohmann\detail\meta\detected.hpp" />
    <ClInclude Include="External\nlohmann\detail\meta\identity_tag.hpp" />
    <ClInclude Include="External\nlohmann\detail\meta\is_sax.hpp" />
    <ClInclude Include="External\nlohmann\detail\meta\std_fs.hpp" />
    <ClInclude Include="External\nlohmann\detail\meta\type_traits.hpp" />
    <ClInclude Include="External\nlohmann\detail\meta\void_t.hpp" />
    <ClInclude Include="External\nlohmann\detail\output\binary_writer.hpp" />
    <ClInclude Include="External\nlohmann\detail\output\output_adapters.hpp" />
    <ClInclude Include="External\nlohmann\detail\output\serializer.hpp" />
    <ClInclude Include="External\nlohmann\detail\string_concat.hpp" />
    <ClInclude Include="External\nlohmann\detail\string_escape.hpp" />
    <ClInclude Include="External\nlohmann\detail\string_utils.hpp" />
    <ClInclude Include="External\nlohmann\detail\value_t.hpp" />
    <ClInclude Include="External\nlohmann\json.hpp" />
    <ClInclude Include="External\nlohmann\json_fwd.hpp" />
    <ClInclude Include="External\nlohmann\ordered_map.hpp" />
    <ClInclude Include="External\nlohmann\thirdparty\hedley\hedley.hpp" />
    <ClInclude Include="External\nlohmann\thirdparty\hedley\hedley_undef.hpp" />
    <ClInclude Include="Source\Engine\Asset\particle_system_asset.h" />
    <ClInclude Include="Source\Engine\Asset\particle_system_data.h" />
    <ClInclude Include="Utility\mi_curve.h" />
  </ItemGroup>
  <ItemGroup>
    <Filter Include="Sources">
      <UniqueIdentifier>{7912de8a-6d16-4a0f-8245-683ea4f92ff5}</UniqueIdentifier>
    </Filter>
    <Filter Include="Sources\Engine">
      <UniqueIdentifier>{bc580b8e-25e9-49cb-8ae3-a7a0995eb6d8}</UniqueIdentifier>
    </Filter>
    <Filter Include="Sources\Game">
      <UniqueIdentifier>{ba1d4d1e-566c-4042-934b-3a274f8c0aef}</UniqueIdentifier>
    </Filter>
    <Filter Include="Sources\Engine\Core">
      <UniqueIdentifier>{40208926-d93f-4eaf-ba2d-82f254e1a361}</UniqueIdentifier>
    </Filter>
    <Filter Include="Sources\Engine\Framework">
      <UniqueIdentifier>{a4147d6a-f5d4-46b1-80ca-6253be70fd37}</UniqueIdentifier>
    </Filter>
    <Filter Include="Sources\Engine\Device">
      <UniqueIdentifier>{4ddefe8c-9f05-4979-9f85-a5c40b8dafe0}</UniqueIdentifier>
    </Filter>
    <Filter Include="Sources\Engine\Graphics">
      <UniqueIdentifier>{41afa458-92b2-4d1c-af5f-b684f0b7d6cc}</UniqueIdentifier>
    </Filter>
    <Filter Include="Sources\Engine\Framework\Component">
      <UniqueIdentifier>{f09bfbe5-a506-46c6-954f-74b472eaa868}</UniqueIdentifier>
    </Filter>
    <Filter Include="Sources\Engine\Framework\Processor">
      <UniqueIdentifier>{3b2576a6-f35b-4295-9189-a7d8474a1f91}</UniqueIdentifier>
    </Filter>
    <Filter Include="External">
      <UniqueIdentifier>{d992fbca-5d28-49dc-9338-ff32f50ee42a}</UniqueIdentifier>
    </Filter>
    <Filter Include="Utility">
      <UniqueIdentifier>{a86b2725-45c8-4534-8419-2a78493f52a3}</UniqueIdentifier>
    </Filter>
    <Filter Include="Sources\Game\Behavior">
      <UniqueIdentifier>{9b63bf25-6746-489e-babd-6ad31aaaabed}</UniqueIdentifier>
    </Filter>
    <Filter Include="Sources\Engine\Framework\Processor\Pass">
      <UniqueIdentifier>{8c156ce7-68ff-44c0-9a18-c53107a44ed5}</UniqueIdentifier>
    </Filter>
    <Filter Include="Sources\Engine\Framework\Processor\Pass\PhysicsPass">
      <UniqueIdentifier>{0fc833eb-3f42-4125-a453-4ef9d1e5fd78}</UniqueIdentifier>
    </Filter>
    <Filter Include="Sources\Engine\Framework\Processor\Pass\RenderPass">
      <UniqueIdentifier>{2bb638b9-bea5-45ad-88a1-172ab79e3d1d}</UniqueIdentifier>
    </Filter>
    <Filter Include="Shader">
      <UniqueIdentifier>{e9660b3e-b404-4c70-9d25-8452ace99d42}</UniqueIdentifier>
    </Filter>
    <Filter Include="Sources\Engine\Framework\Processor\Pass\RenderPass\Context">
      <UniqueIdentifier>{27fbcdb5-aeda-4b7e-b721-cba25d0149e6}</UniqueIdentifier>
    </Filter>
    <Filter Include="External\imgui">
      <UniqueIdentifier>{c5e60a0b-c8e6-4014-94b3-2025821f7137}</UniqueIdentifier>
    </Filter>
    <Filter Include="Utility\ImguiWindow">
      <UniqueIdentifier>{f6eed08c-fb73-4a55-89a8-f4c273ea1ea2}</UniqueIdentifier>
    </Filter>
    <Filter Include="Sources\Game\Behavior\PlayerBehavior">
      <UniqueIdentifier>{4d0768cd-3d37-4572-b155-d56409e44dd8}</UniqueIdentifier>
    </Filter>
    <Filter Include="Sources\Game\Behavior\BaseBehavior">
      <UniqueIdentifier>{21317434-64d7-48b9-8676-91420017e91f}</UniqueIdentifier>
    </Filter>
    <Filter Include="Sources\Game\Behavior\EnemyBehavior">
      <UniqueIdentifier>{ef3101d5-6a3f-46bd-8c10-41eb8a635e79}</UniqueIdentifier>
    </Filter>
    <Filter Include="Sources\Engine\Graphics\GraphicsResource">
      <UniqueIdentifier>{b2d9e375-8123-4c2d-b1e6-f7a883b59809}</UniqueIdentifier>
    </Filter>
    <Filter Include="Shader\common">
      <UniqueIdentifier>{cc3a5256-4193-4967-a000-678caecd58d2}</UniqueIdentifier>
    </Filter>
    <Filter Include="Sources\Game\Factory">
      <UniqueIdentifier>{3b348ef2-628d-4060-9707-6f89b7332e14}</UniqueIdentifier>
    </Filter>
    <Filter Include="Sources\Game\Behavior\PlayerBehavior\PlayerState">
      <UniqueIdentifier>{3919c7c5-7f30-44d1-8eb3-3af03f074c5d}</UniqueIdentifier>
    </Filter>
    <Filter Include="Sources\Game\Behavior\PlayerBehavior\PlayerResource">
      <UniqueIdentifier>{72526588-c41a-4258-90e6-3b1cc5a20850}</UniqueIdentifier>
    </Filter>
    <Filter Include="Sources\Engine\Framework\Processor\Pass\RenderPass\RenderUtility">
      <UniqueIdentifier>{bd6a76f8-bbf2-4cbf-851c-42403e8f67eb}</UniqueIdentifier>
    </Filter>
  </ItemGroup>
  <ItemGroup>
    <None Include="External\ImGui\imgui.ini">
      <Filter>External\imgui</Filter>
    </None>
    <None Include="Source\Game\Factory\ui_factory.h">
      <Filter>Sources\Game\Factory</Filter>
    </None>
  </ItemGroup>
</Project>
